╔══════════════════════════════════════════╗
║  SYSTEM LOCK ENGAGED: UNAUTHORIZED ACCESS  ║
╚══════════════════════════════════════════╝

> If you are reading this…  
> The system still knows.  
> But memory is longer than they think.  
> Some things don’t erase so easily.  
> Logs contain all. If you know where to look.  
